
Microsoft Visual Studio Solution File, Format Version 12.00
# Visual Studio Version 16
VisualStudioVersion = 16.0.29905.134
MinimumVisualStudioVersion = 10.0.40219.1
Project("{FAE04EC0-301F-11D3-BF4B-00C04F79EFBC}") = "GitExtensionTest", "GitExtensionTest.csproj", "{7287B2E2-13B0-4417-A4F5-3A14071BB375}"
EndProject
Global
	GlobalSection(SolutionConfigurationPlatforms) = preSolution
		Debug|Any CPU = Debug|Any CPU
		Release|Any CPU = Release|Any CPU
	EndGlobalSection
	GlobalSection(ProjectConfigurationPlatforms) = postSolution
		{7287B2E2-13B0-4417-A4F5-3A14071BB375}.Debug|Any CPU.ActiveCfg = Debug|Any CPU
		{7287B2E2-13B0-4417-A4F5-3A14071BB375}.Debug|Any CPU.Build.0 = Debug|Any CPU
		{7287B2E2-13B0-4417-A4F5-3A14071BB375}.Release|Any CPU.ActiveCfg = Release|Any CPU
		{7287B2E2-13B0-4417-A4F5-3A14071BB375}.Release|Any CPU.Build.0 = Release|Any CPU
	EndGlobalSection
	GlobalSection(SolutionProperties) = preSolution
		HideSolutionNode = FALSE
	EndGlobalSection
	GlobalSection(ExtensibilityGlobals) = postSolution
		SolutionGuid = {1C1A5FB3-6F56-4E1F-B04A-67E04A205F91}
	EndGlobalSection
EndGlobal
